
Microsoft Visual Studio Solution File, Format Version 12.00
# Visual Studio Version 17
VisualStudioVersion = 17.7.34031.279
MinimumVisualStudioVersion = 10.0.40219.1
Project("{FAE04EC0-301F-11D3-BF4B-00C04F79EFBC}") = "spore", "spore\spore.csproj", "{D4A43928-FE76-472C-A8F7-12099E5F1C01}"
EndProject
Global
	GlobalSection(SolutionConfigurationPlatforms) = preSolution
		Debug|Any CPU = Debug|Any CPU
		Release|Any CPU = Release|Any CPU
	EndGlobalSection
	GlobalSection(ProjectConfigurationPlatforms) = postSolution
		{D4A43928-FE76-472C-A8F7-12099E5F1C01}.Debug|Any CPU.ActiveCfg = Debug|Any CPU
		{D4A43928-FE76-472C-A8F7-12099E5F1C01}.Debug|Any CPU.Build.0 = Debug|Any CPU
		{D4A43928-FE76-472C-A8F7-12099E5F1C01}.Release|Any CPU.ActiveCfg = Release|Any CPU
		{D4A43928-FE76-472C-A8F7-12099E5F1C01}.Release|Any CPU.Build.0 = Release|Any CPU
	EndGlobalSection
	GlobalSection(SolutionProperties) = preSolution
		HideSolutionNode = FALSE
	EndGlobalSection
	GlobalSection(ExtensibilityGlobals) = postSolution
		SolutionGuid = {8025B3C9-735F-4EA8-A425-2B43355A150A}
	EndGlobalSection
EndGlobal
